// !$*UTF8*$!
{
	archiveVersion = 1;
	classes = {
	};
	objectVersion = 50;
	objects = {

/* Begin PBXBuildFile section */
		0CA626C12589C4D000C00771 /* AppDelegate.swift in Sources */ = {isa = PBXBuildFile; fileRef = 0CA626C02589C4D000C00771 /* AppDelegate.swift */; };
		0CA626C32589C4D000C00771 /* SceneDelegate.swift in Sources */ = {isa = PBXBuildFile; fileRef = 0CA626C22589C4D000C00771 /* SceneDelegate.swift */; };
		0CA626C52589C4D000C00771 /* ViewController.swift in Sources */ = {isa = PBXBuildFile; fileRef = 0CA626C42589C4D000C00771 /* ViewController.swift */; };
		0CA626C82589C4D000C00771 /* Main.storyboard in Resources */ = {isa = PBXBuildFile; fileRef = 0CA626C62589C4D000C00771 /* Main.storyboard */; };
		0CA626CA2589C4D300C00771 /* Assets.xcassets in Resources */ = {isa = PBXBuildFile; fileRef = 0CA626C92589C4D300C00771 /* Assets.xcassets */; };
		0CA626CD2589C4D300C00771 /* LaunchScreen.storyboard in Resources */ = {isa = PBXBuildFile; fileRef = 0CA626CB2589C4D300C00771 /* LaunchScreen.storyboard */; };
		0CADA41D258B72F300B561F0 /* SecondViewController.swift in Sources */ = {isa = PBXBuildFile; fileRef = 0CADA41C258B72F300B561F0 /* SecondViewController.swift */; };
		0CADA41F258B893000B561F0 /* struct1.swift in Sources */ = {isa = PBXBuildFile; fileRef = 0CADA41E258B893000B561F0 /* struct1.swift */; };
		0CADA421258BCD4200B561F0 /* ThirdViewController.swift in Sources */ = {isa = PBXBuildFile; fileRef = 0CADA420258BCD4200B561F0 /* ThirdViewController.swift */; };
		0CADA423258BE27700B561F0 /* yeparkCell.swift in Sources */ = {isa = PBXBuildFile; fileRef = 0CADA422258BE27700B561F0 /* yeparkCell.swift */; };
/* End PBXBuildFile section */

/* Begin PBXFileReference section */
		0CA626BD2589C4D000C00771 /* encountered42.app */ = {isa = PBXFileReference; explicitFileType = wrapper.application; includeInIndex = 0; path = encountered42.app; sourceTree = BUILT_PRODUCTS_DIR; };
		0CA626C02589C4D000C00771 /* AppDelegate.swift */ = {isa = PBXFileReference; lastKnownFileType = sourcecode.swift; path = AppDelegate.swift; sourceTree = "<group>"; };
		0CA626C22589C4D000C00771 /* SceneDelegate.swift */ = {isa = PBXFileReference; lastKnownFileType = sourcecode.swift; path = SceneDelegate.swift; sourceTree = "<group>"; };
		0CA626C42589C4D000C00771 /* ViewController.swift */ = {isa = PBXFileReference; lastKnownFileType = sourcecode.swift; path = ViewController.swift; sourceTree = "<group>"; };
		0CA626C72589C4D000C00771 /* Base */ = {isa = PBXFileReference; lastKnownFileType = file.storyboard; name = Base; path = Base.lproj/Main.storyboard; sourceTree = "<group>"; };
		0CA626C92589C4D300C00771 /* Assets.xcassets */ = {isa = PBXFileReference; lastKnownFileType = folder.assetcatalog; path = Assets.xcassets; sourceTree = "<group>"; };
		0CA626CC2589C4D300C00771 /* Base */ = {isa = PBXFileReference; lastKnownFileType = file.storyboard; name = Base; path = Base.lproj/LaunchScreen.storyboard; sourceTree = "<group>"; };
		0CA626CE2589C4D300C00771 /* Info.plist */ = {isa = PBXFileReference; lastKnownFileType = text.plist.xml; path = Info.plist; sourceTree = "<group>"; };
		0CADA41C258B72F300B561F0 /* SecondViewController.swift */ = {isa = PBXFileReference; lastKnownFileType = sourcecode.swift; path = SecondViewController.swift; sourceTree = "<group>"; };
		0CADA41E258B893000B561F0 /* struct1.swift */ = {isa = PBXFileReference; lastKnownFileType = sourcecode.swift; path = struct1.swift; sourceTree = "<group>"; };
		0CADA420258BCD4200B561F0 /* ThirdViewController.swift */ = {isa = PBXFileReference; lastKnownFileType = sourcecode.swift; path = ThirdViewController.swift; sourceTree = "<group>"; };
		0CADA422258BE27700B561F0 /* yeparkCell.swift */ = {isa = PBXFileReference; lastKnownFileType = sourcecode.swift; path = yeparkCell.swift; sourceTree = "<group>"; };
/* End PBXFileReference section */

/* Begin PBXFrameworksBuildPhase section */
		0CA626BA2589C4D000C00771 /* Frameworks */ = {
			isa = PBXFrameworksBuildPhase;
			buildActionMask = 2147483647;
			files = (
			);
			runOnlyForDeploymentPostprocessing = 0;
		};
/* End PBXFrameworksBuildPhase section */

/* Begin PBXGroup section */
		0CA626B42589C4D000C00771 = {
			isa = PBXGroup;
			children = (
				0CA626BF2589C4D000C00771 /* encountered42 */,
				0CA626BE2589C4D000C00771 /* Products */,
			);
			sourceTree = "<group>";
		};
		0CA626BE2589C4D000C00771 /* Products */ = {
			isa = PBXGroup;
			children = (
				0CA626BD2589C4D000C00771 /* encountered42.app */,
			);
			name = Products;
			sourceTree = "<group>";
		};
		0CA626BF2589C4D000C00771 /* encountered42 */ = {
			isa = PBXGroup;
			children = (
				0CA626C02589C4D000C00771 /* AppDelegate.swift */,
				0CA626C22589C4D000C00771 /* SceneDelegate.swift */,
				0CA626C42589C4D000C00771 /* ViewController.swift */,
				0CADA41C258B72F300B561F0 /* SecondViewController.swift */,
				0CADA420258BCD4200B561F0 /* ThirdViewController.swift */,
				0CADA422258BE27700B561F0 /* yeparkCell.swift */,
				0CADA41E258B893000B561F0 /* struct1.swift */,
				0CA626C62589C4D000C00771 /* Main.storyboard */,
				0CA626C92589C4D300C00771 /* Assets.xcassets */,
				0CA626CB2589C4D300C00771 /* LaunchScreen.storyboard */,
				0CA626CE2589C4D300C00771 /* Info.plist */,
			);
			path = encountered42;
			sourceTree = "<group>";
		};
/* End PBXGroup section */

/* Begin PBXNativeTarget section */
		0CA626BC2589C4D000C00771 /* encountered42 */ = {
			isa = PBXNativeTarget;
			buildConfigurationList = 0CA626D12589C4D300C00771 /* Build configuration list for PBXNativeTarget "encountered42" */;
			buildPhases = (
				0CA626B92589C4D000C00771 /* Sources */,
				0CA626BA2589C4D000C00771 /* Frameworks */,
				0CA626BB2589C4D000C00771 /* Resources */,
			);
			buildRules = (
			);
			dependencies = (
			);
			name = encountered42;
			productName = encountered42;
			productReference = 0CA626BD2589C4D000C00771 /* encountered42.app */;
			productType = "com.apple.product-type.application";
		};
/* End PBXNativeTarget section */

/* Begin PBXProject section */
		0CA626B52589C4D000C00771 /* Project object */ = {
			isa = PBXProject;
			attributes = {
				LastSwiftUpdateCheck = 1130;
				LastUpgradeCheck = 1130;
				ORGANIZATIONNAME = "박영광";
				TargetAttributes = {
					0CA626BC2589C4D000C00771 = {
						CreatedOnToolsVersion = 11.3.1;
					};
				};
			};
			buildConfigurationList = 0CA626B82589C4D000C00771 /* Build configuration list for PBXProject "encountered42" */;
			compatibilityVersion = "Xcode 9.3";
			developmentRegion = en;
			hasScannedForEncodings = 0;
			knownRegions = (
				en,
				Base,
			);
			mainGroup = 0CA626B42589C4D000C00771;
			productRefGroup = 0CA626BE2589C4D000C00771 /* Products */;
			projectDirPath = "";
			projectRoot = "";
			targets = (
				0CA626BC2589C4D000C00771 /* encountered42 */,
			);
		};
/* End PBXProject section */

/* Begin PBXResourcesBuildPhase section */
		0CA626BB2589C4D000C00771 /* Resources */ = {
			isa = PBXResourcesBuildPhase;
			buildActionMask = 2147483647;
			files = (
				0CA626CD2589C4D300C00771 /* LaunchScreen.storyboard in Resources */,
				0CA626CA2589C4D300C00771 /* Assets.xcassets in Resources */,
				0CA626C82589C4D000C00771 /* Main.storyboard in Resources */,
			);
			runOnlyForDeploymentPostprocessing = 0;
		};
/* End PBXResourcesBuildPhase section */

/* Begin PBXSourcesBuildPhase section */
		0CA626B92589C4D000C00771 /* Sources */ = {
			isa = PBXSourcesBuildPhase;
			buildActionMask = 2147483647;
			files = (
				0CADA423258BE27700B561F0 /* yeparkCell.swift in Sources */,
				0CA626C52589C4D000C00771 /* ViewController.swift in Sources */,
				0CA626C12589C4D000C00771 /* AppDelegate.swift in Sources */,
				0CADA41D258B72F300B561F0 /* SecondViewController.swift in Sources */,
				0CA626C32589C4D000C00771 /* SceneDelegate.swift in Sources */,
				0CADA421258BCD4200B561F0 /* ThirdViewController.swift in Sources */,
				0CADA41F258B893000B561F0 /* struct1.swift in Sources */,
			);
			runOnlyForDeploymentPostprocessing = 0;
		};
/* End PBXSourcesBuildPhase section */

/* Begin PBXVariantGroup section */
		0CA626C62589C4D000C00771 /* Main.storyboard */ = {
			isa = PBXVariantGroup;
			children = (
				0CA626C72589C4D000C00771 /* Base */,
			);
			name = Main.storyboard;
			sourceTree = "<group>";
		};
		0CA626CB2589C4D300C00771 /* LaunchScreen.storyboard */ = {
			isa = PBXVariantGroup;
			children = (
				0CA626CC2589C4D300C00771 /* Base */,
			);
			name = LaunchScreen.storyboard;
			sourceTree = "<group>";
		};
/* End PBXVariantGroup section */

/* Begin XCBuildConfiguration section */
		0CA626CF2589C4D300C00771 /* Debug */ = {
			isa = XCBuildConfiguration;
			buildSettings = {
				ALWAYS_SEARCH_USER_PATHS = NO;
				CLANG_ANALYZER_NONNULL = YES;
				CLANG_ANALYZER_NUMBER_OBJECT_CONVERSION = YES_AGGRESSIVE;
				CLANG_CXX_LANGUAGE_STANDARD = "gnu++14";
				CLANG_CXX_LIBRARY = "libc++";
				CLANG_ENABLE_MODULES = YES;
				CLANG_ENABLE_OBJC_ARC = YES;
				CLANG_ENABLE_OBJC_WEAK = YES;
				CLANG_WARN_BLOCK_CAPTURE_AUTORELEASING = YES;
				CLANG_WARN_BOOL_CONVERSION = YES;
				CLANG_WARN_COMMA = YES;
				CLANG_WARN_CONSTANT_CONVERSION = YES;
				CLANG_WARN_DEPRECATED_OBJC_IMPLEMENTATIONS = YES;
				CLANG_WARN_DIRECT_OBJC_ISA_USAGE = YES_ERROR;
				CLANG_WARN_DOCUMENTATION_COMMENTS = YES;
				CLANG_WARN_EMPTY_BODY = YES;
				CLANG_WARN_ENUM_CONVERSION = YES;
				CLANG_WARN_INFINITE_RECURSION = YES;
				CLANG_WARN_INT_CONVERSION = YES;
				CLANG_WARN_NON_LITERAL_NULL_CONVERSION = YES;
				CLANG_WARN_OBJC_IMPLICIT_RETAIN_SELF = YES;
				CLANG_WARN_OBJC_LITERAL_CONVERSION = YES;
				CLANG_WARN_OBJC_ROOT_CLASS = YES_ERROR;
				CLANG_WARN_RANGE_LOOP_ANALYSIS = YES;
				CLANG_WARN_STRICT_PROTOTYPES = YES;
				CLANG_WARN_SUSPICIOUS_MOVE = YES;
				CLANG_WARN_UNGUARDED_AVAILABILITY = YES_AGGRESSIVE;
				CLANG_WARN_UNREACHABLE_CODE = YES;
				CLANG_WARN__DUPLICATE_METHOD_MATCH = YES;
				COPY_PHASE_STRIP = NO;
				DEBUG_INFORMATION_FORMAT = dwarf;
				ENABLE_STRICT_OBJC_MSGSEND = YES;
				ENABLE_TESTABILITY = YES;
				GCC_C_LANGUAGE_STANDARD = gnu11;
				GCC_DYNAMIC_NO_PIC = NO;
				GCC_NO_COMMON_BLOCKS = YES;
				GCC_OPTIMIZATION_LEVEL = 0;
				GCC_PREPROCESSOR_DEFINITIONS = (
					"DEBUG=1",
					"$(inherited)",
				);
				GCC_WARN_64_TO_32_BIT_CONVERSION = YES;
				GCC_WARN_ABOUT_RETURN_TYPE = YES_ERROR;
				GCC_WARN_UNDECLARED_SELECTOR = YES;
				GCC_WARN_UNINITIALIZED_AUTOS = YES_AGGRESSIVE;
				GCC_WARN_UNUSED_FUNCTION = YES;
				GCC_WARN_UNUSED_VARIABLE = YES;
				IPHONEOS_DEPLOYMENT_TARGET = 13.2;
				MTL_ENABLE_DEBUG_INFO = INCLUDE_SOURCE;
				MTL_FAST_MATH = YES;
				ONLY_ACTIVE_ARCH = YES;
				SDKROOT = iphoneos;
				SWIFT_ACTIVE_COMPILATION_CONDITIONS = DEBUG;
				SWIFT_OPTIMIZATION_LEVEL = "-Onone";
			};
			name = Debug;
		};
		0CA626D02589C4D300C00771 /* Release */ = {
			isa = XCBuildConfiguration;
			buildSettings = {
				ALWAYS_SEARCH_USER_PATHS = NO;
				CLANG_ANALYZER_NONNULL = YES;
				CLANG_ANALYZER_NUMBER_OBJECT_CONVERSION = YES_AGGRESSIVE;
				CLANG_CXX_LANGUAGE_STANDARD = "gnu++14";
				CLANG_CXX_LIBRARY = "libc++";
				CLANG_ENABLE_MODULES = YES;
				CLANG_ENABLE_OBJC_ARC = YES;
				CLANG_ENABLE_OBJC_WEAK = YES;
				CLANG_WARN_BLOCK_CAPTURE_AUTORELEASING = YES;
				CLANG_WARN_BOOL_CONVERSION = YES;
				CLANG_WARN_COMMA = YES;
				CLANG_WARN_CONSTANT_CONVERSION = YES;
				CLANG_WARN_DEPRECATED_OBJC_IMPLEMENTATIONS = YES;
				CLANG_WARN_DIRECT_OBJC_ISA_USAGE = YES_ERROR;
				CLANG_WARN_DOCUMENTATION_COMMENTS = YES;
				CLANG_WARN_EMPTY_BODY = YES;
				CLANG_WARN_ENUM_CONVERSION = YES;
				CLANG_WARN_INFINITE_RECURSION = YES;
				CLANG_WARN_INT_CONVERSION = YES;
				CLANG_WARN_NON_LITERAL_NULL_CONVERSION = YES;
				CLANG_WARN_OBJC_IMPLICIT_RETAIN_SELF = YES;
				CLANG_WARN_OBJC_LITERAL_CONVERSION = YES;
				CLANG_WARN_OBJC_ROOT_CLASS = YES_ERROR;
				CLANG_WARN_RANGE_LOOP_ANALYSIS = YES;
				CLANG_WARN_STRICT_PROTOTYPES = YES;
				CLANG_WARN_SUSPICIOUS_MOVE = YES;
				CLANG_WARN_UNGUARDED_AVAILABILITY = YES_AGGRESSIVE;
				CLANG_WARN_UNREACHABLE_CODE = YES;
				CLANG_WARN__DUPLICATE_METHOD_MATCH = YES;
				COPY_PHASE_STRIP = NO;
				DEBUG_INFORMATION_FORMAT = "dwarf-with-dsym";
				ENABLE_NS_ASSERTIONS = NO;
				ENABLE_STRICT_OBJC_MSGSEND = YES;
				GCC_C_LANGUAGE_STANDARD = gnu11;
				GCC_NO_COMMON_BLOCKS = YES;
				GCC_WARN_64_TO_32_BIT_CONVERSION = YES;
				GCC_WARN_ABOUT_RETURN_TYPE = YES_ERROR;
				GCC_WARN_UNDECLARED_SELECTOR = YES;
				GCC_WARN_UNINITIALIZED_AUTOS = YES_AGGRESSIVE;
				GCC_WARN_UNUSED_FUNCTION = YES;
				GCC_WARN_UNUSED_VARIABLE = YES;
				IPHONEOS_DEPLOYMENT_TARGET = 13.2;
				MTL_ENABLE_DEBUG_INFO = NO;
				MTL_FAST_MATH = YES;
				SDKROOT = iphoneos;
				SWIFT_COMPILATION_MODE = wholemodule;
				SWIFT_OPTIMIZATION_LEVEL = "-O";
				VALIDATE_PRODUCT = YES;
			};
			name = Release;
		};
		0CA626D22589C4D300C00771 /* Debug */ = {
			isa = XCBuildConfiguration;
			buildSettings = {
				ASSETCATALOG_COMPILER_APPICON_NAME = AppIcon;
				CODE_SIGN_STYLE = Automatic;
				DEVELOPMENT_TEAM = ZZ45TS8LY2;
				INFOPLIST_FILE = encountered42/Info.plist;
				LD_RUNPATH_SEARCH_PATHS = (
					"$(inherited)",
					"@executable_path/Frameworks",
				);
				PRODUCT_BUNDLE_IDENTIFIER = net.macnpc.encountered42;
				PRODUCT_NAME = "$(TARGET_NAME)";
				SWIFT_VERSION = 5.0;
				TARGETED_DEVICE_FAMILY = "1,2";
			};
			name = Debug;
		};
		0CA626D32589C4D300C00771 /* Release */ = {
			isa = XCBuildConfiguration;
			buildSettings = {
				ASSETCATALOG_COMPILER_APPICON_NAME = AppIcon;
				CODE_SIGN_STYLE = Automatic;
				DEVELOPMENT_TEAM = ZZ45TS8LY2;
				INFOPLIST_FILE = encountered42/Info.plist;
				LD_RUNPATH_SEARCH_PATHS = (
					"$(inherited)",
					"@executable_path/Frameworks",
				);
				PRODUCT_BUNDLE_IDENTIFIER = net.macnpc.encountered42;
				PRODUCT_NAME = "$(TARGET_NAME)";
				SWIFT_VERSION = 5.0;
				TARGETED_DEVICE_FAMILY = "1,2";
			};
			name = Release;
		};
/* End XCBuildConfiguration section */

/* Begin XCConfigurationList section */
		0CA626B82589C4D000C00771 /* Build configuration list for PBXProject "encountered42" */ = {
			isa = XCConfigurationList;
			buildConfigurations = (
				0CA626CF2589C4D300C00771 /* Debug */,
				0CA626D02589C4D300C00771 /* Release */,
			);
			defaultConfigurationIsVisible = 0;
			defaultConfigurationName = Release;
		};
		0CA626D12589C4D300C00771 /* Build configuration list for PBXNativeTarget "encountered42" */ = {
			isa = XCConfigurationList;
			buildConfigurations = (
				0CA626D22589C4D300C00771 /* Debug */,
				0CA626D32589C4D300C00771 /* Release */,
			);
			defaultConfigurationIsVisible = 0;
			defaultConfigurationName = Release;
		};
/* End XCConfigurationList section */
	};
	rootObject = 0CA626B52589C4D000C00771 /* Project object */;
}
